
Microsoft Visual Studio Solution File, Format Version 12.00
# Visual Studio 2012
Project("{8BC9CEB8-8B4A-11D0-8D11-00A0C91BC942}") = "DecisionTree", "DecisionTree\DecisionTree.vcxproj", "{6D710BAB-C562-413D-B81E-AAAC6CC9F638}"
	ProjectSection(ProjectDependencies) = postProject
		{CAF11032-69B3-4335-B8B0-8562E0EC3F4D} = {CAF11032-69B3-4335-B8B0-8562E0EC3F4D}
		{24D44F6F-DA0B-4B03-AE28-0A813012E62D} = {24D44F6F-DA0B-4B03-AE28-0A813012E62D}
	EndProjectSection
EndProject
Project("{8BC9CEB8-8B4A-11D0-8D11-00A0C91BC942}") = "Globals", "Globals\Globals.vcxproj", "{CAF11032-69B3-4335-B8B0-8562E0EC3F4D}"
EndProject
Project("{8BC9CEB8-8B4A-11D0-8D11-00A0C91BC942}") = "UI", "UI\UI.vcxproj", "{B12702AD-ABFB-343A-A199-8E24837244A3}"
	ProjectSection(ProjectDependencies) = postProject
		{CAF11032-69B3-4335-B8B0-8562E0EC3F4D} = {CAF11032-69B3-4335-B8B0-8562E0EC3F4D}
		{4057D442-CB98-4621-AC7A-F62C64930024} = {4057D442-CB98-4621-AC7A-F62C64930024}
		{24D44F6F-DA0B-4B03-AE28-0A813012E62D} = {24D44F6F-DA0B-4B03-AE28-0A813012E62D}
		{548D1C97-3C07-42BD-8AC0-355547B4C29D} = {548D1C97-3C07-42BD-8AC0-355547B4C29D}
		{7421C5C5-7166-42F5-87FE-076184FBF577} = {7421C5C5-7166-42F5-87FE-076184FBF577}
	EndProjectSection
EndProject
Project("{2150E333-8FDC-42A3-9474-1A3956D46DE8}") = "Networking", "Networking", "{28935466-F2AA-40D8-946F-839E128B6C6A}"
EndProject
Project("{8BC9CEB8-8B4A-11D0-8D11-00A0C91BC942}") = "Client", "Networking\Client\Client.vcxproj", "{548D1C97-3C07-42BD-8AC0-355547B4C29D}"
	ProjectSection(ProjectDependencies) = postProject
		{CAF11032-69B3-4335-B8B0-8562E0EC3F4D} = {CAF11032-69B3-4335-B8B0-8562E0EC3F4D}
		{78B03257-940B-4FD7-9AAE-8133D9633AFD} = {78B03257-940B-4FD7-9AAE-8133D9633AFD}
		{24D44F6F-DA0B-4B03-AE28-0A813012E62D} = {24D44F6F-DA0B-4B03-AE28-0A813012E62D}
	EndProjectSection
EndProject
Project("{8BC9CEB8-8B4A-11D0-8D11-00A0C91BC942}") = "Server", "Networking\Server\Server.vcxproj", "{7421C5C5-7166-42F5-87FE-076184FBF577}"
	ProjectSection(ProjectDependencies) = postProject
		{CAF11032-69B3-4335-B8B0-8562E0EC3F4D} = {CAF11032-69B3-4335-B8B0-8562E0EC3F4D}
		{78B03257-940B-4FD7-9AAE-8133D9633AFD} = {78B03257-940B-4FD7-9AAE-8133D9633AFD}
		{24D44F6F-DA0B-4B03-AE28-0A813012E62D} = {24D44F6F-DA0B-4B03-AE28-0A813012E62D}
	EndProjectSection
EndProject
Project("{8BC9CEB8-8B4A-11D0-8D11-00A0C91BC942}") = "NetGlobals", "Networking\NetGlobals\NetGlobals.vcxproj", "{78B03257-940B-4FD7-9AAE-8133D9633AFD}"
	ProjectSection(ProjectDependencies) = postProject
		{CAF11032-69B3-4335-B8B0-8562E0EC3F4D} = {CAF11032-69B3-4335-B8B0-8562E0EC3F4D}
	EndProjectSection
EndProject
Project("{8BC9CEB8-8B4A-11D0-8D11-00A0C91BC942}") = "GameData", "GameData\GameData.vcxproj", "{24D44F6F-DA0B-4B03-AE28-0A813012E62D}"
	ProjectSection(ProjectDependencies) = postProject
		{CAF11032-69B3-4335-B8B0-8562E0EC3F4D} = {CAF11032-69B3-4335-B8B0-8562E0EC3F4D}
	EndProjectSection
EndProject
Project("{8BC9CEB8-8B4A-11D0-8D11-00A0C91BC942}") = "GameLogic", "GameLogic\GameLogic.vcxproj", "{4057D442-CB98-4621-AC7A-F62C64930024}"
	ProjectSection(ProjectDependencies) = postProject
		{CAF11032-69B3-4335-B8B0-8562E0EC3F4D} = {CAF11032-69B3-4335-B8B0-8562E0EC3F4D}
		{24D44F6F-DA0B-4B03-AE28-0A813012E62D} = {24D44F6F-DA0B-4B03-AE28-0A813012E62D}
		{548D1C97-3C07-42BD-8AC0-355547B4C29D} = {548D1C97-3C07-42BD-8AC0-355547B4C29D}
	EndProjectSection
EndProject
Global
	GlobalSection(SolutionConfigurationPlatforms) = preSolution
		Debug|Win32 = Debug|Win32
		Release|Win32 = Release|Win32
	EndGlobalSection
	GlobalSection(ProjectConfigurationPlatforms) = postSolution
		{6D710BAB-C562-413D-B81E-AAAC6CC9F638}.Debug|Win32.ActiveCfg = Debug|Win32
		{6D710BAB-C562-413D-B81E-AAAC6CC9F638}.Debug|Win32.Build.0 = Debug|Win32
		{6D710BAB-C562-413D-B81E-AAAC6CC9F638}.Release|Win32.ActiveCfg = Release|Win32
		{6D710BAB-C562-413D-B81E-AAAC6CC9F638}.Release|Win32.Build.0 = Release|Win32
		{CAF11032-69B3-4335-B8B0-8562E0EC3F4D}.Debug|Win32.ActiveCfg = Debug|Win32
		{CAF11032-69B3-4335-B8B0-8562E0EC3F4D}.Debug|Win32.Build.0 = Debug|Win32
		{CAF11032-69B3-4335-B8B0-8562E0EC3F4D}.Release|Win32.ActiveCfg = Release|Win32
		{CAF11032-69B3-4335-B8B0-8562E0EC3F4D}.Release|Win32.Build.0 = Release|Win32
		{B12702AD-ABFB-343A-A199-8E24837244A3}.Debug|Win32.ActiveCfg = Debug|Win32
		{B12702AD-ABFB-343A-A199-8E24837244A3}.Debug|Win32.Build.0 = Debug|Win32
		{B12702AD-ABFB-343A-A199-8E24837244A3}.Release|Win32.ActiveCfg = Release|Win32
		{B12702AD-ABFB-343A-A199-8E24837244A3}.Release|Win32.Build.0 = Release|Win32
		{548D1C97-3C07-42BD-8AC0-355547B4C29D}.Debug|Win32.ActiveCfg = Debug|Win32
		{548D1C97-3C07-42BD-8AC0-355547B4C29D}.Debug|Win32.Build.0 = Debug|Win32
		{548D1C97-3C07-42BD-8AC0-355547B4C29D}.Release|Win32.ActiveCfg = Release|Win32
		{548D1C97-3C07-42BD-8AC0-355547B4C29D}.Release|Win32.Build.0 = Release|Win32
		{7421C5C5-7166-42F5-87FE-076184FBF577}.Debug|Win32.ActiveCfg = Debug|Win32
		{7421C5C5-7166-42F5-87FE-076184FBF577}.Debug|Win32.Build.0 = Debug|Win32
		{7421C5C5-7166-42F5-87FE-076184FBF577}.Release|Win32.ActiveCfg = Release|Win32
		{7421C5C5-7166-42F5-87FE-076184FBF577}.Release|Win32.Build.0 = Release|Win32
		{78B03257-940B-4FD7-9AAE-8133D9633AFD}.Debug|Win32.ActiveCfg = Debug|Win32
		{78B03257-940B-4FD7-9AAE-8133D9633AFD}.Debug|Win32.Build.0 = Debug|Win32
		{78B03257-940B-4FD7-9AAE-8133D9633AFD}.Release|Win32.ActiveCfg = Release|Win32
		{78B03257-940B-4FD7-9AAE-8133D9633AFD}.Release|Win32.Build.0 = Release|Win32
		{24D44F6F-DA0B-4B03-AE28-0A813012E62D}.Debug|Win32.ActiveCfg = Debug|Win32
		{24D44F6F-DA0B-4B03-AE28-0A813012E62D}.Debug|Win32.Build.0 = Debug|Win32
		{24D44F6F-DA0B-4B03-AE28-0A813012E62D}.Release|Win32.ActiveCfg = Release|Win32
		{24D44F6F-DA0B-4B03-AE28-0A813012E62D}.Release|Win32.Build.0 = Release|Win32
		{4057D442-CB98-4621-AC7A-F62C64930024}.Debug|Win32.ActiveCfg = Debug|Win32
		{4057D442-CB98-4621-AC7A-F62C64930024}.Debug|Win32.Build.0 = Debug|Win32
		{4057D442-CB98-4621-AC7A-F62C64930024}.Release|Win32.ActiveCfg = Release|Win32
		{4057D442-CB98-4621-AC7A-F62C64930024}.Release|Win32.Build.0 = Release|Win32
	EndGlobalSection
	GlobalSection(SolutionProperties) = preSolution
		HideSolutionNode = FALSE
	EndGlobalSection
	GlobalSection(NestedProjects) = preSolution
		{7421C5C5-7166-42F5-87FE-076184FBF577} = {28935466-F2AA-40D8-946F-839E128B6C6A}
		{548D1C97-3C07-42BD-8AC0-355547B4C29D} = {28935466-F2AA-40D8-946F-839E128B6C6A}
		{78B03257-940B-4FD7-9AAE-8133D9633AFD} = {28935466-F2AA-40D8-946F-839E128B6C6A}
	EndGlobalSection
EndGlobal
